// !$*UTF8*$!
{
	archiveVersion = 1;
	classes = {
	};
	objectVersion = 46;
	objects = {

/* Begin PBXBuildFile section */
		BC322ADF1DACC0BA00597039 /* main.cpp in Sources */ = {isa = PBXBuildFile; fileRef = BC322ADE1DACC0BA00597039 /* main.cpp */; };
		BC322AE71DACC0D800597039 /* CircularQueue.cpp in Sources */ = {isa = PBXBuildFile; fileRef = BC322AE51DACC0D800597039 /* CircularQueue.cpp */; };
/* End PBXBuildFile section */

/* Begin PBXCopyFilesBuildPhase section */
		BC322AD91DACC0BA00597039 /* CopyFiles */ = {
			isa = PBXCopyFilesBuildPhase;
			buildActionMask = 2147483647;
			dstPath = /usr/share/man/man1/;
			dstSubfolderSpec = 0;
			files = (
			);
			runOnlyForDeploymentPostprocessing = 1;
		};
/* End PBXCopyFilesBuildPhase section */

/* Begin PBXFileReference section */
		BC322ADB1DACC0BA00597039 /* Circular Queue */ = {isa = PBXFileReference; explicitFileType = "compiled.mach-o.executable"; includeInIndex = 0; path = "Circular Queue"; sourceTree = BUILT_PRODUCTS_DIR; };
		BC322ADE1DACC0BA00597039 /* main.cpp */ = {isa = PBXFileReference; lastKnownFileType = sourcecode.cpp.cpp; path = main.cpp; sourceTree = "<group>"; };
		BC322AE51DACC0D800597039 /* CircularQueue.cpp */ = {isa = PBXFileReference; fileEncoding = 4; lastKnownFileType = sourcecode.cpp.cpp; path = CircularQueue.cpp; sourceTree = "<group>"; };
		BC322AE61DACC0D800597039 /* CircularQueue.h */ = {isa = PBXFileReference; fileEncoding = 4; lastKnownFileType = sourcecode.c.h; path = CircularQueue.h; sourceTree = "<group>"; };
/* End PBXFileReference section */

/* Begin PBXFrameworksBuildPhase section */
		BC322AD81DACC0BA00597039 /* Frameworks */ = {
			isa = PBXFrameworksBuildPhase;
			buildActionMask = 2147483647;
			files = (
			);
			runOnlyForDeploymentPostprocessing = 0;
		};
/* End PBXFrameworksBuildPhase section */

/* Begin PBXGroup section */
		BC322AD21DACC0BA00597039 = {
			isa = PBXGroup;
			children = (
				BC322ADD1DACC0BA00597039 /* Circular Queue */,
				BC322ADC1DACC0BA00597039 /* Products */,
			);
			sourceTree = "<group>";
		};
		BC322ADC1DACC0BA00597039 /* Products */ = {
			isa = PBXGroup;
			children = (
				BC322ADB1DACC0BA00597039 /* Circular Queue */,
			);
			name = Products;
			sourceTree = "<group>";
		};
		BC322ADD1DACC0BA00597039 /* Circular Queue */ = {
			isa = PBXGroup;
			children = (
				BC322ADE1DACC0BA00597039 /* main.cpp */,
				BC322AE51DACC0D800597039 /* CircularQueue.cpp */,
				BC322AE61DACC0D800597039 /* CircularQueue.h */,
			);
			path = "Circular Queue";
			sourceTree = "<group>";
		};
/* End PBXGroup section */

/* Begin PBXNativeTarget section */
		BC322ADA1DACC0BA00597039 /* Circular Queue */ = {
			isa = PBXNativeTarget;
			buildConfigurationList = BC322AE21DACC0BA00597039 /* Build configuration list for PBXNativeTarget "Circular Queue" */;
			buildPhases = (
				BC322AD71DACC0BA00597039 /* Sources */,
				BC322AD81DACC0BA00597039 /* Frameworks */,
				BC322AD91DACC0BA00597039 /* CopyFiles */,
			);
			buildRules = (
			);
			dependencies = (
			);
			name = "Circular Queue";
			productName = "Circular Queue";
			productReference = BC322ADB1DACC0BA00597039 /* Circular Queue */;
			productType = "com.apple.product-type.tool";
		};
/* End PBXNativeTarget section */

/* Begin PBXProject section */
		BC322AD31DACC0BA00597039 /* Project object */ = {
			isa = PBXProject;
			attributes = {
				LastUpgradeCheck = 0720;
				ORGANIZATIONNAME = Ulugbek;
				TargetAttributes = {
					BC322ADA1DACC0BA00597039 = {
						CreatedOnToolsVersion = 7.2;
					};
				};
			};
			buildConfigurationList = BC322AD61DACC0BA00597039 /* Build configuration list for PBXProject "Circular Queue" */;
			compatibilityVersion = "Xcode 3.2";
			developmentRegion = English;
			hasScannedForEncodings = 0;
			knownRegions = (
				en,
			);
			mainGroup = BC322AD21DACC0BA00597039;
			productRefGroup = BC322ADC1DACC0BA00597039 /* Products */;
			projectDirPath = "";
			projectRoot = "";
			targets = (
				BC322ADA1DACC0BA00597039 /* Circular Queue */,
			);
		};
/* End PBXProject section */

/* Begin PBXSourcesBuildPhase section */
		BC322AD71DACC0BA00597039 /* Sources */ = {
			isa = PBXSourcesBuildPhase;
			buildActionMask = 2147483647;
			files = (
				BC322AE71DACC0D800597039 /* CircularQueue.cpp in Sources */,
				BC322ADF1DACC0BA00597039 /* main.cpp in Sources */,
			);
			runOnlyForDeploymentPostprocessing = 0;
		};
/* End PBXSourcesBuildPhase section */

/* Begin XCBuildConfiguration section */
		BC322AE01DACC0BA00597039 /* Debug */ = {
			isa = XCBuildConfiguration;
			buildSettings = {
				ALWAYS_SEARCH_USER_PATHS = NO;
				CLANG_CXX_LANGUAGE_STANDARD = "gnu++0x";
				CLANG_CXX_LIBRARY = "libc++";
				CLANG_ENABLE_MODULES = YES;
				CLANG_ENABLE_OBJC_ARC = YES;
				CLANG_WARN_BOOL_CONVERSION = YES;
				CLANG_WARN_CONSTANT_CONVERSION = YES;
				CLANG_WARN_DIRECT_OBJC_ISA_USAGE = YES_ERROR;
				CLANG_WARN_EMPTY_BODY = YES;
				CLANG_WARN_ENUM_CONVERSION = YES;
				CLANG_WARN_INT_CONVERSION = YES;
				CLANG_WARN_OBJC_ROOT_CLASS = YES_ERROR;
				CLANG_WARN_UNREACHABLE_CODE = YES;
				CLANG_WARN__DUPLICATE_METHOD_MATCH = YES;
				CODE_SIGN_IDENTITY = "-";
				COPY_PHASE_STRIP = NO;
				DEBUG_INFORMATION_FORMAT = dwarf;
				ENABLE_STRICT_OBJC_MSGSEND = YES;
				ENABLE_TESTABILITY = YES;
				GCC_C_LANGUAGE_STANDARD = gnu99;
				GCC_DYNAMIC_NO_PIC = NO;
				GCC_NO_COMMON_BLOCKS = YES;
				GCC_OPTIMIZATION_LEVEL = 0;
				GCC_PREPROCESSOR_DEFINITIONS = (
					"DEBUG=1",
					"$(inherited)",
				);
				GCC_WARN_64_TO_32_BIT_CONVERSION = YES;
				GCC_WARN_ABOUT_RETURN_TYPE = YES_ERROR;
				GCC_WARN_UNDECLARED_SELECTOR = YES;
				GCC_WARN_UNINITIALIZED_AUTOS = YES_AGGRESSIVE;
				GCC_WARN_UNUSED_FUNCTION = YES;
				GCC_WARN_UNUSED_VARIABLE = YES;
				MACOSX_DEPLOYMENT_TARGET = 10.11;
				MTL_ENABLE_DEBUG_INFO = YES;
				ONLY_ACTIVE_ARCH = YES;
				SDKROOT = macosx;
			};
			name = Debug;
		};
		BC322AE11DACC0BA00597039 /* Release */ = {
			isa = XCBuildConfiguration;
			buildSettings = {
				ALWAYS_SEARCH_USER_PATHS = NO;
				CLANG_CXX_LANGUAGE_STANDARD = "gnu++0x";
				CLANG_CXX_LIBRARY = "libc++";
				CLANG_ENABLE_MODULES = YES;
				CLANG_ENABLE_OBJC_ARC = YES;
				CLANG_WARN_BOOL_CONVERSION = YES;
				CLANG_WARN_CONSTANT_CONVERSION = YES;
				CLANG_WARN_DIRECT_OBJC_ISA_USAGE = YES_ERROR;
				CLANG_WARN_EMPTY_BODY = YES;
				CLANG_WARN_ENUM_CONVERSION = YES;
				CLANG_WARN_INT_CONVERSION = YES;
				CLANG_WARN_OBJC_ROOT_CLASS = YES_ERROR;
				CLANG_WARN_UNREACHABLE_CODE = YES;
				CLANG_WARN__DUPLICATE_METHOD_MATCH = YES;
				CODE_SIGN_IDENTITY = "-";
				COPY_PHASE_STRIP = NO;
				DEBUG_INFORMATION_FORMAT = "dwarf-with-dsym";
				ENABLE_NS_ASSERTIONS = NO;
				ENABLE_STRICT_OBJC_MSGSEND = YES;
				GCC_C_LANGUAGE_STANDARD = gnu99;
				GCC_NO_COMMON_BLOCKS = YES;
				GCC_WARN_64_TO_32_BIT_CONVERSION = YES;
				GCC_WARN_ABOUT_RETURN_TYPE = YES_ERROR;
				GCC_WARN_UNDECLARED_SELECTOR = YES;
				GCC_WARN_UNINITIALIZED_AUTOS = YES_AGGRESSIVE;
				GCC_WARN_UNUSED_FUNCTION = YES;
				GCC_WARN_UNUSED_VARIABLE = YES;
				MACOSX_DEPLOYMENT_TARGET = 10.11;
				MTL_ENABLE_DEBUG_INFO = NO;
				SDKROOT = macosx;
			};
			name = Release;
		};
		BC322AE31DACC0BA00597039 /* Debug */ = {
			isa = XCBuildConfiguration;
			buildSettings = {
				PRODUCT_NAME = "$(TARGET_NAME)";
			};
			name = Debug;
		};
		BC322AE41DACC0BA00597039 /* Release */ = {
			isa = XCBuildConfiguration;
			buildSettings = {
				PRODUCT_NAME = "$(TARGET_NAME)";
			};
			name = Release;
		};
/* End XCBuildConfiguration section */

/* Begin XCConfigurationList section */
		BC322AD61DACC0BA00597039 /* Build configuration list for PBXProject "Circular Queue" */ = {
			isa = XCConfigurationList;
			buildConfigurations = (
				BC322AE01DACC0BA00597039 /* Debug */,
				BC322AE11DACC0BA00597039 /* Release */,
			);
			defaultConfigurationIsVisible = 0;
			defaultConfigurationName = Release;
		};
		BC322AE21DACC0BA00597039 /* Build configuration list for PBXNativeTarget "Circular Queue" */ = {
			isa = XCConfigurationList;
			buildConfigurations = (
				BC322AE31DACC0BA00597039 /* Debug */,
				BC322AE41DACC0BA00597039 /* Release */,
			);
			defaultConfigurationIsVisible = 0;
			defaultConfigurationName = Release;
		};
/* End XCConfigurationList section */
	};
	rootObject = BC322AD31DACC0BA00597039 /* Project object */;
}
